
Microsoft Visual Studio Solution File, Format Version 12.00
# Visual Studio Version 17
VisualStudioVersion = 17.5.33530.505
MinimumVisualStudioVersion = 10.0.40219.1
Project("{FAE04EC0-301F-11D3-BF4B-00C04F79EFBC}") = "indexer", "indexer\indexer.csproj", "{343CE6F9-906E-423B-9E71-F3E6B519F907}"
EndProject
Global
	GlobalSection(SolutionConfigurationPlatforms) = preSolution
		Debug|Any CPU = Debug|Any CPU
		Release|Any CPU = Release|Any CPU
	EndGlobalSection
	GlobalSection(ProjectConfigurationPlatforms) = postSolution
		{343CE6F9-906E-423B-9E71-F3E6B519F907}.Debug|Any CPU.ActiveCfg = Debug|Any CPU
		{343CE6F9-906E-423B-9E71-F3E6B519F907}.Debug|Any CPU.Build.0 = Debug|Any CPU
		{343CE6F9-906E-423B-9E71-F3E6B519F907}.Release|Any CPU.ActiveCfg = Release|Any CPU
		{343CE6F9-906E-423B-9E71-F3E6B519F907}.Release|Any CPU.Build.0 = Release|Any CPU
	EndGlobalSection
	GlobalSection(SolutionProperties) = preSolution
		HideSolutionNode = FALSE
	EndGlobalSection
	GlobalSection(ExtensibilityGlobals) = postSolution
		SolutionGuid = {63F278B4-778A-4675-B445-661DAB22EB36}
	EndGlobalSection
EndGlobal
